
Microsoft Visual Studio Solution File, Format Version 12.00
# Visual Studio 15
VisualStudioVersion = 15.0.27004.2009
MinimumVisualStudioVersion = 10.0.40219.1
Project("{FAE04EC0-301F-11D3-BF4B-00C04F79EFBC}") = "AgiltBank", "AgiltBank\AgiltBank.csproj", "{A898334B-9F55-43A3-8A60-C551EF1FFE72}"
EndProject
Project("{FAE04EC0-301F-11D3-BF4B-00C04F79EFBC}") = "AgiltBank.Library", "AgiltBank.Library\AgiltBank.Library.csproj", "{F6E321AC-55B4-472C-A395-937FCF727020}"
EndProject
Global
	GlobalSection(SolutionConfigurationPlatforms) = preSolution
		Debug|Any CPU = Debug|Any CPU
		Release|Any CPU = Release|Any CPU
	EndGlobalSection
	GlobalSection(ProjectConfigurationPlatforms) = postSolution
		{A898334B-9F55-43A3-8A60-C551EF1FFE72}.Debug|Any CPU.ActiveCfg = Debug|Any CPU
		{A898334B-9F55-43A3-8A60-C551EF1FFE72}.Debug|Any CPU.Build.0 = Debug|Any CPU
		{A898334B-9F55-43A3-8A60-C551EF1FFE72}.Release|Any CPU.ActiveCfg = Release|Any CPU
		{A898334B-9F55-43A3-8A60-C551EF1FFE72}.Release|Any CPU.Build.0 = Release|Any CPU
		{F6E321AC-55B4-472C-A395-937FCF727020}.Debug|Any CPU.ActiveCfg = Debug|Any CPU
		{F6E321AC-55B4-472C-A395-937FCF727020}.Debug|Any CPU.Build.0 = Debug|Any CPU
		{F6E321AC-55B4-472C-A395-937FCF727020}.Release|Any CPU.ActiveCfg = Release|Any CPU
		{F6E321AC-55B4-472C-A395-937FCF727020}.Release|Any CPU.Build.0 = Release|Any CPU
	EndGlobalSection
	GlobalSection(SolutionProperties) = preSolution
		HideSolutionNode = FALSE
	EndGlobalSection
	GlobalSection(ExtensibilityGlobals) = postSolution
		SolutionGuid = {1E921545-517E-4BEA-AA29-712E69D26B92}
	EndGlobalSection
EndGlobal
